
Microsoft Visual Studio Solution File, Format Version 12.00
# Visual Studio Version 16
VisualStudioVersion = 16.0.29509.3
MinimumVisualStudioVersion = 10.0.40219.1
Project("{FAE04EC0-301F-11D3-BF4B-00C04F79EFBC}") = "Lab4", "Lab4.csproj", "{50CC7E3E-4026-4999-90A0-A64E2CA776E7}"
EndProject
Global
	GlobalSection(SolutionConfigurationPlatforms) = preSolution
		Debug|Any CPU = Debug|Any CPU
		Release|Any CPU = Release|Any CPU
	EndGlobalSection
	GlobalSection(ProjectConfigurationPlatforms) = postSolution
		{50CC7E3E-4026-4999-90A0-A64E2CA776E7}.Debug|Any CPU.ActiveCfg = Debug|Any CPU
		{50CC7E3E-4026-4999-90A0-A64E2CA776E7}.Debug|Any CPU.Build.0 = Debug|Any CPU
		{50CC7E3E-4026-4999-90A0-A64E2CA776E7}.Release|Any CPU.ActiveCfg = Release|Any CPU
		{50CC7E3E-4026-4999-90A0-A64E2CA776E7}.Release|Any CPU.Build.0 = Release|Any CPU
	EndGlobalSection
	GlobalSection(SolutionProperties) = preSolution
		HideSolutionNode = FALSE
	EndGlobalSection
	GlobalSection(ExtensibilityGlobals) = postSolution
		SolutionGuid = {2D0B387C-D170-4BDE-91C2-9C129FB4140D}
	EndGlobalSection
EndGlobal
